
Microsoft Visual Studio Solution File, Format Version 12.00
# Visual Studio 15
VisualStudioVersion = 15.0.27130.2027
MinimumVisualStudioVersion = 10.0.40219.1
Project("{FAE04EC0-301F-11D3-BF4B-00C04F79EFBC}") = "04 Power", "04 Power\04 Power.csproj", "{989102E8-AE70-4229-B2D5-BDDCC90140EF}"
EndProject
Global
	GlobalSection(SolutionConfigurationPlatforms) = preSolution
		Debug|Any CPU = Debug|Any CPU
		Release|Any CPU = Release|Any CPU
	EndGlobalSection
	GlobalSection(ProjectConfigurationPlatforms) = postSolution
		{989102E8-AE70-4229-B2D5-BDDCC90140EF}.Debug|Any CPU.ActiveCfg = Debug|Any CPU
		{989102E8-AE70-4229-B2D5-BDDCC90140EF}.Debug|Any CPU.Build.0 = Debug|Any CPU
		{989102E8-AE70-4229-B2D5-BDDCC90140EF}.Release|Any CPU.ActiveCfg = Release|Any CPU
		{989102E8-AE70-4229-B2D5-BDDCC90140EF}.Release|Any CPU.Build.0 = Release|Any CPU
	EndGlobalSection
	GlobalSection(SolutionProperties) = preSolution
		HideSolutionNode = FALSE
	EndGlobalSection
	GlobalSection(ExtensibilityGlobals) = postSolution
		SolutionGuid = {4D6C1AA3-9140-4ADE-9406-88BDF73E90B2}
	EndGlobalSection
EndGlobal
