
Microsoft Visual Studio Solution File, Format Version 12.00
# Visual Studio 15
VisualStudioVersion = 15.0.27130.2027
MinimumVisualStudioVersion = 10.0.40219.1
Project("{FAE04EC0-301F-11D3-BF4B-00C04F79EFBC}") = "excersises", "excersises\excersises.csproj", "{B6E05E24-29DE-4FFD-8849-20D3083B31E6}"
EndProject
Global
	GlobalSection(SolutionConfigurationPlatforms) = preSolution
		Debug|Any CPU = Debug|Any CPU
		Release|Any CPU = Release|Any CPU
	EndGlobalSection
	GlobalSection(ProjectConfigurationPlatforms) = postSolution
		{B6E05E24-29DE-4FFD-8849-20D3083B31E6}.Debug|Any CPU.ActiveCfg = Debug|Any CPU
		{B6E05E24-29DE-4FFD-8849-20D3083B31E6}.Debug|Any CPU.Build.0 = Debug|Any CPU
		{B6E05E24-29DE-4FFD-8849-20D3083B31E6}.Release|Any CPU.ActiveCfg = Release|Any CPU
		{B6E05E24-29DE-4FFD-8849-20D3083B31E6}.Release|Any CPU.Build.0 = Release|Any CPU
	EndGlobalSection
	GlobalSection(SolutionProperties) = preSolution
		HideSolutionNode = FALSE
	EndGlobalSection
	GlobalSection(ExtensibilityGlobals) = postSolution
		SolutionGuid = {5E57A58F-D3FB-4F16-9920-9D5428C47905}
	EndGlobalSection
EndGlobal
