
Microsoft Visual Studio Solution File, Format Version 12.00
# Visual Studio 15
VisualStudioVersion = 15.0.27130.2027
MinimumVisualStudioVersion = 10.0.40219.1
Project("{FAE04EC0-301F-11D3-BF4B-00C04F79EFBC}") = "CountLetters", "CountLetters\CountLetters.csproj", "{8B427A12-8D61-471D-B267-AAC2130C2FE4}"
EndProject
Project("{FAE04EC0-301F-11D3-BF4B-00C04F79EFBC}") = "Testing", "Testing\Testing.csproj", "{09385214-4D02-4FE9-8BDB-B888A4F7A611}"
EndProject
Global
	GlobalSection(SolutionConfigurationPlatforms) = preSolution
		Debug|Any CPU = Debug|Any CPU
		Release|Any CPU = Release|Any CPU
	EndGlobalSection
	GlobalSection(ProjectConfigurationPlatforms) = postSolution
		{8B427A12-8D61-471D-B267-AAC2130C2FE4}.Debug|Any CPU.ActiveCfg = Debug|Any CPU
		{8B427A12-8D61-471D-B267-AAC2130C2FE4}.Debug|Any CPU.Build.0 = Debug|Any CPU
		{8B427A12-8D61-471D-B267-AAC2130C2FE4}.Release|Any CPU.ActiveCfg = Release|Any CPU
		{8B427A12-8D61-471D-B267-AAC2130C2FE4}.Release|Any CPU.Build.0 = Release|Any CPU
		{09385214-4D02-4FE9-8BDB-B888A4F7A611}.Debug|Any CPU.ActiveCfg = Debug|Any CPU
		{09385214-4D02-4FE9-8BDB-B888A4F7A611}.Debug|Any CPU.Build.0 = Debug|Any CPU
		{09385214-4D02-4FE9-8BDB-B888A4F7A611}.Release|Any CPU.ActiveCfg = Release|Any CPU
		{09385214-4D02-4FE9-8BDB-B888A4F7A611}.Release|Any CPU.Build.0 = Release|Any CPU
	EndGlobalSection
	GlobalSection(SolutionProperties) = preSolution
		HideSolutionNode = FALSE
	EndGlobalSection
	GlobalSection(ExtensibilityGlobals) = postSolution
		SolutionGuid = {7F854146-9393-4634-949D-8D59F43D7BAE}
	EndGlobalSection
EndGlobal
