
Microsoft Visual Studio Solution File, Format Version 12.00
# Visual Studio 15
VisualStudioVersion = 15.0.27130.2027
MinimumVisualStudioVersion = 10.0.40219.1
Project("{FAE04EC0-301F-11D3-BF4B-00C04F79EFBC}") = "Logs", "Logs\Logs.csproj", "{3E5FA89B-2C01-45F2-B151-72843B4C153B}"
EndProject
Global
	GlobalSection(SolutionConfigurationPlatforms) = preSolution
		Debug|Any CPU = Debug|Any CPU
		Release|Any CPU = Release|Any CPU
	EndGlobalSection
	GlobalSection(ProjectConfigurationPlatforms) = postSolution
		{3E5FA89B-2C01-45F2-B151-72843B4C153B}.Debug|Any CPU.ActiveCfg = Debug|Any CPU
		{3E5FA89B-2C01-45F2-B151-72843B4C153B}.Debug|Any CPU.Build.0 = Debug|Any CPU
		{3E5FA89B-2C01-45F2-B151-72843B4C153B}.Release|Any CPU.ActiveCfg = Release|Any CPU
		{3E5FA89B-2C01-45F2-B151-72843B4C153B}.Release|Any CPU.Build.0 = Release|Any CPU
	EndGlobalSection
	GlobalSection(SolutionProperties) = preSolution
		HideSolutionNode = FALSE
	EndGlobalSection
	GlobalSection(ExtensibilityGlobals) = postSolution
		SolutionGuid = {A420F864-EBCF-4ED4-9987-744D33EB420A}
	EndGlobalSection
EndGlobal
