
Microsoft Visual Studio Solution File, Format Version 12.00
# Visual Studio 15
VisualStudioVersion = 15.0.27130.2027
MinimumVisualStudioVersion = 10.0.40219.1
Project("{FAE04EC0-301F-11D3-BF4B-00C04F79EFBC}") = "02 NumberAdder", "02 NumberAdder\02 NumberAdder.csproj", "{D8A29223-4397-4127-9961-91B6B7D2A494}"
EndProject
Global
	GlobalSection(SolutionConfigurationPlatforms) = preSolution
		Debug|Any CPU = Debug|Any CPU
		Release|Any CPU = Release|Any CPU
	EndGlobalSection
	GlobalSection(ProjectConfigurationPlatforms) = postSolution
		{D8A29223-4397-4127-9961-91B6B7D2A494}.Debug|Any CPU.ActiveCfg = Debug|Any CPU
		{D8A29223-4397-4127-9961-91B6B7D2A494}.Debug|Any CPU.Build.0 = Debug|Any CPU
		{D8A29223-4397-4127-9961-91B6B7D2A494}.Release|Any CPU.ActiveCfg = Release|Any CPU
		{D8A29223-4397-4127-9961-91B6B7D2A494}.Release|Any CPU.Build.0 = Release|Any CPU
	EndGlobalSection
	GlobalSection(SolutionProperties) = preSolution
		HideSolutionNode = FALSE
	EndGlobalSection
	GlobalSection(ExtensibilityGlobals) = postSolution
		SolutionGuid = {BFF1B112-0B48-4DD3-A0C9-C59AB8D5A825}
	EndGlobalSection
EndGlobal
