
Microsoft Visual Studio Solution File, Format Version 12.00
# Visual Studio 15
VisualStudioVersion = 15.0.27130.2027
MinimumVisualStudioVersion = 10.0.40219.1
Project("{FAE04EC0-301F-11D3-BF4B-00C04F79EFBC}") = "Animal", "Animal\Animal.csproj", "{D307DF50-0DF7-43B7-9125-9820BDD942E0}"
EndProject
Global
	GlobalSection(SolutionConfigurationPlatforms) = preSolution
		Debug|Any CPU = Debug|Any CPU
		Release|Any CPU = Release|Any CPU
	EndGlobalSection
	GlobalSection(ProjectConfigurationPlatforms) = postSolution
		{D307DF50-0DF7-43B7-9125-9820BDD942E0}.Debug|Any CPU.ActiveCfg = Debug|Any CPU
		{D307DF50-0DF7-43B7-9125-9820BDD942E0}.Debug|Any CPU.Build.0 = Debug|Any CPU
		{D307DF50-0DF7-43B7-9125-9820BDD942E0}.Release|Any CPU.ActiveCfg = Release|Any CPU
		{D307DF50-0DF7-43B7-9125-9820BDD942E0}.Release|Any CPU.Build.0 = Release|Any CPU
	EndGlobalSection
	GlobalSection(SolutionProperties) = preSolution
		HideSolutionNode = FALSE
	EndGlobalSection
	GlobalSection(ExtensibilityGlobals) = postSolution
		SolutionGuid = {E3736ED2-F93D-4FBD-A7E6-85032CA86109}
	EndGlobalSection
EndGlobal
