
Microsoft Visual Studio Solution File, Format Version 12.00
# Visual Studio 15
VisualStudioVersion = 15.0.27130.2027
MinimumVisualStudioVersion = 10.0.40219.1
Project("{FAE04EC0-301F-11D3-BF4B-00C04F79EFBC}") = "Purple steps", "Purple steps\Purple steps.csproj", "{F6B81500-4399-461B-AE18-65AEA2101DD0}"
EndProject
Global
	GlobalSection(SolutionConfigurationPlatforms) = preSolution
		Debug|Any CPU = Debug|Any CPU
		Release|Any CPU = Release|Any CPU
	EndGlobalSection
	GlobalSection(ProjectConfigurationPlatforms) = postSolution
		{F6B81500-4399-461B-AE18-65AEA2101DD0}.Debug|Any CPU.ActiveCfg = Debug|Any CPU
		{F6B81500-4399-461B-AE18-65AEA2101DD0}.Debug|Any CPU.Build.0 = Debug|Any CPU
		{F6B81500-4399-461B-AE18-65AEA2101DD0}.Release|Any CPU.ActiveCfg = Release|Any CPU
		{F6B81500-4399-461B-AE18-65AEA2101DD0}.Release|Any CPU.Build.0 = Release|Any CPU
	EndGlobalSection
	GlobalSection(SolutionProperties) = preSolution
		HideSolutionNode = FALSE
	EndGlobalSection
	GlobalSection(ExtensibilityGlobals) = postSolution
		SolutionGuid = {4065A9B5-17A1-4F59-9697-A51302109472}
	EndGlobalSection
EndGlobal
