
Microsoft Visual Studio Solution File, Format Version 12.00
# Visual Studio 15
VisualStudioVersion = 15.0.27130.2027
MinimumVisualStudioVersion = 10.0.40219.1
Project("{FAE04EC0-301F-11D3-BF4B-00C04F79EFBC}") = "Green Fox Organization", "Green Fox Organization\Green Fox Organization.csproj", "{7082E95A-4673-4F5A-939D-01AF18068D63}"
EndProject
Global
	GlobalSection(SolutionConfigurationPlatforms) = preSolution
		Debug|Any CPU = Debug|Any CPU
		Release|Any CPU = Release|Any CPU
	EndGlobalSection
	GlobalSection(ProjectConfigurationPlatforms) = postSolution
		{7082E95A-4673-4F5A-939D-01AF18068D63}.Debug|Any CPU.ActiveCfg = Debug|Any CPU
		{7082E95A-4673-4F5A-939D-01AF18068D63}.Debug|Any CPU.Build.0 = Debug|Any CPU
		{7082E95A-4673-4F5A-939D-01AF18068D63}.Release|Any CPU.ActiveCfg = Release|Any CPU
		{7082E95A-4673-4F5A-939D-01AF18068D63}.Release|Any CPU.Build.0 = Release|Any CPU
	EndGlobalSection
	GlobalSection(SolutionProperties) = preSolution
		HideSolutionNode = FALSE
	EndGlobalSection
	GlobalSection(ExtensibilityGlobals) = postSolution
		SolutionGuid = {896D4CF0-2B52-4E77-904E-0AA8ADD476CA}
	EndGlobalSection
EndGlobal
