
Microsoft Visual Studio Solution File, Format Version 12.00
# Visual Studio 15
VisualStudioVersion = 15.0.27130.2027
MinimumVisualStudioVersion = 10.0.40219.1
Project("{FAE04EC0-301F-11D3-BF4B-00C04F79EFBC}") = "Write multiple lines", "Write multiple lines\Write multiple lines.csproj", "{C7651D7E-0E6E-4EC2-8D6D-F51C0F3B39FD}"
EndProject
Global
	GlobalSection(SolutionConfigurationPlatforms) = preSolution
		Debug|Any CPU = Debug|Any CPU
		Release|Any CPU = Release|Any CPU
	EndGlobalSection
	GlobalSection(ProjectConfigurationPlatforms) = postSolution
		{C7651D7E-0E6E-4EC2-8D6D-F51C0F3B39FD}.Debug|Any CPU.ActiveCfg = Debug|Any CPU
		{C7651D7E-0E6E-4EC2-8D6D-F51C0F3B39FD}.Debug|Any CPU.Build.0 = Debug|Any CPU
		{C7651D7E-0E6E-4EC2-8D6D-F51C0F3B39FD}.Release|Any CPU.ActiveCfg = Release|Any CPU
		{C7651D7E-0E6E-4EC2-8D6D-F51C0F3B39FD}.Release|Any CPU.Build.0 = Release|Any CPU
	EndGlobalSection
	GlobalSection(SolutionProperties) = preSolution
		HideSolutionNode = FALSE
	EndGlobalSection
	GlobalSection(ExtensibilityGlobals) = postSolution
		SolutionGuid = {D1B3EE01-16A8-4FFE-B327-D22D6F6C8D0E}
	EndGlobalSection
EndGlobal
