
Microsoft Visual Studio Solution File, Format Version 12.00
# Visual Studio 15
VisualStudioVersion = 15.0.27130.2027
MinimumVisualStudioVersion = 10.0.40219.1
Project("{FAE04EC0-301F-11D3-BF4B-00C04F79EFBC}") = "Tic-Tac-Toe", "Tic-Tac-Toe\Tic-Tac-Toe.csproj", "{FCD77EC1-20D2-4EB8-943C-705EEDAB76D5}"
EndProject
Global
	GlobalSection(SolutionConfigurationPlatforms) = preSolution
		Debug|Any CPU = Debug|Any CPU
		Release|Any CPU = Release|Any CPU
	EndGlobalSection
	GlobalSection(ProjectConfigurationPlatforms) = postSolution
		{FCD77EC1-20D2-4EB8-943C-705EEDAB76D5}.Debug|Any CPU.ActiveCfg = Debug|Any CPU
		{FCD77EC1-20D2-4EB8-943C-705EEDAB76D5}.Debug|Any CPU.Build.0 = Debug|Any CPU
		{FCD77EC1-20D2-4EB8-943C-705EEDAB76D5}.Release|Any CPU.ActiveCfg = Release|Any CPU
		{FCD77EC1-20D2-4EB8-943C-705EEDAB76D5}.Release|Any CPU.Build.0 = Release|Any CPU
	EndGlobalSection
	GlobalSection(SolutionProperties) = preSolution
		HideSolutionNode = FALSE
	EndGlobalSection
	GlobalSection(ExtensibilityGlobals) = postSolution
		SolutionGuid = {5A6E8491-B568-45C8-838E-960860F47090}
	EndGlobalSection
EndGlobal
