
Microsoft Visual Studio Solution File, Format Version 12.00
# Visual Studio 15
VisualStudioVersion = 15.0.27130.2027
MinimumVisualStudioVersion = 10.0.40219.1
Project("{FAE04EC0-301F-11D3-BF4B-00C04F79EFBC}") = "Animals in the Zoo", "Animals in the Zoo\Animals in the Zoo.csproj", "{3EDC0A81-512B-4AFF-A997-C689A88C0297}"
EndProject
Global
	GlobalSection(SolutionConfigurationPlatforms) = preSolution
		Debug|Any CPU = Debug|Any CPU
		Release|Any CPU = Release|Any CPU
	EndGlobalSection
	GlobalSection(ProjectConfigurationPlatforms) = postSolution
		{3EDC0A81-512B-4AFF-A997-C689A88C0297}.Debug|Any CPU.ActiveCfg = Debug|Any CPU
		{3EDC0A81-512B-4AFF-A997-C689A88C0297}.Debug|Any CPU.Build.0 = Debug|Any CPU
		{3EDC0A81-512B-4AFF-A997-C689A88C0297}.Release|Any CPU.ActiveCfg = Release|Any CPU
		{3EDC0A81-512B-4AFF-A997-C689A88C0297}.Release|Any CPU.Build.0 = Release|Any CPU
	EndGlobalSection
	GlobalSection(SolutionProperties) = preSolution
		HideSolutionNode = FALSE
	EndGlobalSection
	GlobalSection(ExtensibilityGlobals) = postSolution
		SolutionGuid = {DEE2C6A6-F746-4810-8B53-3ED7A73D2FF9}
	EndGlobalSection
EndGlobal
