
Microsoft Visual Studio Solution File, Format Version 12.00
# Visual Studio 15
VisualStudioVersion = 15.0.27130.2027
MinimumVisualStudioVersion = 10.0.40219.1
Project("{FAE04EC0-301F-11D3-BF4B-00C04F79EFBC}") = "Fibonacci", "Fibonacci\Fibonacci.csproj", "{332C347A-25FB-42AC-9AA6-92776682C680}"
EndProject
Project("{FAE04EC0-301F-11D3-BF4B-00C04F79EFBC}") = "FiboTester", "FiboTester\FiboTester.csproj", "{BA0B6093-CC59-4792-B0ED-095AB93C11B5}"
EndProject
Global
	GlobalSection(SolutionConfigurationPlatforms) = preSolution
		Debug|Any CPU = Debug|Any CPU
		Release|Any CPU = Release|Any CPU
	EndGlobalSection
	GlobalSection(ProjectConfigurationPlatforms) = postSolution
		{332C347A-25FB-42AC-9AA6-92776682C680}.Debug|Any CPU.ActiveCfg = Debug|Any CPU
		{332C347A-25FB-42AC-9AA6-92776682C680}.Debug|Any CPU.Build.0 = Debug|Any CPU
		{332C347A-25FB-42AC-9AA6-92776682C680}.Release|Any CPU.ActiveCfg = Release|Any CPU
		{332C347A-25FB-42AC-9AA6-92776682C680}.Release|Any CPU.Build.0 = Release|Any CPU
		{BA0B6093-CC59-4792-B0ED-095AB93C11B5}.Debug|Any CPU.ActiveCfg = Debug|Any CPU
		{BA0B6093-CC59-4792-B0ED-095AB93C11B5}.Debug|Any CPU.Build.0 = Debug|Any CPU
		{BA0B6093-CC59-4792-B0ED-095AB93C11B5}.Release|Any CPU.ActiveCfg = Release|Any CPU
		{BA0B6093-CC59-4792-B0ED-095AB93C11B5}.Release|Any CPU.Build.0 = Release|Any CPU
	EndGlobalSection
	GlobalSection(SolutionProperties) = preSolution
		HideSolutionNode = FALSE
	EndGlobalSection
	GlobalSection(ExtensibilityGlobals) = postSolution
		SolutionGuid = {8D1AA63B-72F3-47D0-8D14-C29EE9A3320D}
	EndGlobalSection
EndGlobal
