
Microsoft Visual Studio Solution File, Format Version 12.00
# Visual Studio 15
VisualStudioVersion = 15.0.27130.2027
MinimumVisualStudioVersion = 10.0.40219.1
Project("{FAE04EC0-301F-11D3-BF4B-00C04F79EFBC}") = "májeskuel", "májeskuel\májeskuel.csproj", "{FA08C070-B062-422C-92B1-21396B4890B0}"
EndProject
Global
	GlobalSection(SolutionConfigurationPlatforms) = preSolution
		Debug|Any CPU = Debug|Any CPU
		Release|Any CPU = Release|Any CPU
	EndGlobalSection
	GlobalSection(ProjectConfigurationPlatforms) = postSolution
		{FA08C070-B062-422C-92B1-21396B4890B0}.Debug|Any CPU.ActiveCfg = Debug|Any CPU
		{FA08C070-B062-422C-92B1-21396B4890B0}.Debug|Any CPU.Build.0 = Debug|Any CPU
		{FA08C070-B062-422C-92B1-21396B4890B0}.Release|Any CPU.ActiveCfg = Release|Any CPU
		{FA08C070-B062-422C-92B1-21396B4890B0}.Release|Any CPU.Build.0 = Release|Any CPU
	EndGlobalSection
	GlobalSection(SolutionProperties) = preSolution
		HideSolutionNode = FALSE
	EndGlobalSection
	GlobalSection(ExtensibilityGlobals) = postSolution
		SolutionGuid = {A0513415-C321-40F9-A614-6875B904ACBC}
	EndGlobalSection
EndGlobal
