
Microsoft Visual Studio Solution File, Format Version 12.00
# Visual Studio 15
VisualStudioVersion = 15.0.27130.2027
MinimumVisualStudioVersion = 10.0.40219.1
Project("{FAE04EC0-301F-11D3-BF4B-00C04F79EFBC}") = "09 Strings again and again", "09 Strings again and again\09 Strings again and again.csproj", "{87512E19-EDFF-41CE-8FD6-19F7068D96CE}"
EndProject
Global
	GlobalSection(SolutionConfigurationPlatforms) = preSolution
		Debug|Any CPU = Debug|Any CPU
		Release|Any CPU = Release|Any CPU
	EndGlobalSection
	GlobalSection(ProjectConfigurationPlatforms) = postSolution
		{87512E19-EDFF-41CE-8FD6-19F7068D96CE}.Debug|Any CPU.ActiveCfg = Debug|Any CPU
		{87512E19-EDFF-41CE-8FD6-19F7068D96CE}.Debug|Any CPU.Build.0 = Debug|Any CPU
		{87512E19-EDFF-41CE-8FD6-19F7068D96CE}.Release|Any CPU.ActiveCfg = Release|Any CPU
		{87512E19-EDFF-41CE-8FD6-19F7068D96CE}.Release|Any CPU.Build.0 = Release|Any CPU
	EndGlobalSection
	GlobalSection(SolutionProperties) = preSolution
		HideSolutionNode = FALSE
	EndGlobalSection
	GlobalSection(ExtensibilityGlobals) = postSolution
		SolutionGuid = {59A62083-6CEC-46C2-AA1B-6567DBF94B08}
	EndGlobalSection
EndGlobal
