
Microsoft Visual Studio Solution File, Format Version 12.00
# Visual Studio 15
VisualStudioVersion = 15.0.27130.2027
MinimumVisualStudioVersion = 10.0.40219.1
Project("{FAE04EC0-301F-11D3-BF4B-00C04F79EFBC}") = "Centered boxes", "Centered boxes\Centered boxes.csproj", "{118E6C7F-0389-46DD-961D-61E8EE96F8D2}"
EndProject
Global
	GlobalSection(SolutionConfigurationPlatforms) = preSolution
		Debug|Any CPU = Debug|Any CPU
		Release|Any CPU = Release|Any CPU
	EndGlobalSection
	GlobalSection(ProjectConfigurationPlatforms) = postSolution
		{118E6C7F-0389-46DD-961D-61E8EE96F8D2}.Debug|Any CPU.ActiveCfg = Debug|Any CPU
		{118E6C7F-0389-46DD-961D-61E8EE96F8D2}.Debug|Any CPU.Build.0 = Debug|Any CPU
		{118E6C7F-0389-46DD-961D-61E8EE96F8D2}.Release|Any CPU.ActiveCfg = Release|Any CPU
		{118E6C7F-0389-46DD-961D-61E8EE96F8D2}.Release|Any CPU.Build.0 = Release|Any CPU
	EndGlobalSection
	GlobalSection(SolutionProperties) = preSolution
		HideSolutionNode = FALSE
	EndGlobalSection
	GlobalSection(ExtensibilityGlobals) = postSolution
		SolutionGuid = {CBD17693-6905-490F-8B36-D8C6536E3989}
	EndGlobalSection
EndGlobal
