
Microsoft Visual Studio Solution File, Format Version 12.00
# Visual Studio 15
VisualStudioVersion = 15.0.27130.2027
MinimumVisualStudioVersion = 10.0.40219.1
Project("{9A19103F-16F7-4668-BE54-9A1E7A4F7556}") = "TodoAppv2", "TodoAppv2.csproj", "{C33FC10C-9B56-41A6-83F6-5CF1B0B69853}"
EndProject
Global
	GlobalSection(SolutionConfigurationPlatforms) = preSolution
		Debug|Any CPU = Debug|Any CPU
		Release|Any CPU = Release|Any CPU
	EndGlobalSection
	GlobalSection(ProjectConfigurationPlatforms) = postSolution
		{C33FC10C-9B56-41A6-83F6-5CF1B0B69853}.Debug|Any CPU.ActiveCfg = Debug|Any CPU
		{C33FC10C-9B56-41A6-83F6-5CF1B0B69853}.Debug|Any CPU.Build.0 = Debug|Any CPU
		{C33FC10C-9B56-41A6-83F6-5CF1B0B69853}.Release|Any CPU.ActiveCfg = Release|Any CPU
		{C33FC10C-9B56-41A6-83F6-5CF1B0B69853}.Release|Any CPU.Build.0 = Release|Any CPU
	EndGlobalSection
	GlobalSection(SolutionProperties) = preSolution
		HideSolutionNode = FALSE
	EndGlobalSection
	GlobalSection(ExtensibilityGlobals) = postSolution
		SolutionGuid = {AF85B794-BD8B-4E22-AC5F-FA0DB99E9084}
	EndGlobalSection
EndGlobal
